{
  "version": 4,
  "terraform_version": "1.16.3",
  "serial": 2,
  "lineage": "cdf768a9-9f47-0e0e-2343-528e977b375d",
  "outputs": {
    "ecr_repository_url": {
      "value": "831975835566.dkr.ecr.ap-south-1.amazonaws.com/devops-nestjs-app",
      "type": "string"
    }
  },
  "resources": [
    {
      "mode": "managed",
      "type": "aws_ecr_repository",
      "name": "app",
      "provider": "provider[\"registry.terraform.io/hashicorp/aws\"]",
      "instances": [
        {
          "schema_version": 0,
          "attributes": {
            "arn": "arn:aws:ecr:ap-south-1:831975835566:repository/devops-nestjs-app",
            "encryption_configuration": [
              {
                "encryption_type": "AES256",
                "kms_key": ""
              }
            ],
            "force_delete": null,
            "id": "devops-nestjs-app",
            "image_scanning_configuration": [
              {
                "scan_on_push": true
              }
            ],
            "image_tag_mutability": "IMMUTABLE",
            "image_tag_mutability_exclusion_filter": [],
            "name": "devops-nestjs-app",
            "region": "ap-south-1",
            "registry_id": "831975835566",
            "repository_url": "831975835566.dkr.ecr.ap-south-1.amazonaws.com/devops-nestjs-app",
            "tags": null,
            "tags_all": {},
            "timeouts": null
          },
          "sensitive_attributes": [],
          "identity_schema_version": 0,
          "identity": {
            "account_id": "831975835566",
            "name": "devops-nestjs-app",
            "region": "ap-south-1"
          },
          "private": "eyJlMmJmYjczMC1lY2FhLTExZTYtOGY4OC0zNDM2M2JjN2M0YzAiOnsiZGVsZXRlIjoxMjAwMDAwMDAwMDAwfX0="
        }
      ]
    }
  ],
  "check_results": null
}
